
Microsoft Visual Studio Solution File, Format Version 12.00
# Visual Studio Version 16
VisualStudioVersion = 16.0.35931.194
MinimumVisualStudioVersion = 10.0.40219.1
Project("{D2ABAB84-BF74-430A-B69E-9DC6D40DDA17}") = "SakilaCube", "SakilaCube\SakilaCube.dwproj", "{4FF57C9D-F7D9-48CB-8ADA-11C853407562}"
EndProject
Global
	GlobalSection(SolutionConfigurationPlatforms) = preSolution
		Development|Default = Development|Default
	EndGlobalSection
	GlobalSection(ProjectConfigurationPlatforms) = postSolution
		{4FF57C9D-F7D9-48CB-8ADA-11C853407562}.Development|Default.ActiveCfg = Development
		{4FF57C9D-F7D9-48CB-8ADA-11C853407562}.Development|Default.Build.0 = Development
		{4FF57C9D-F7D9-48CB-8ADA-11C853407562}.Development|Default.Deploy.0 = Development
	EndGlobalSection
	GlobalSection(SolutionProperties) = preSolution
		HideSolutionNode = FALSE
	EndGlobalSection
	GlobalSection(ExtensibilityGlobals) = postSolution
		SolutionGuid = {65D360B2-DAC1-4AF5-9252-529815D569CF}
	EndGlobalSection
EndGlobal
